// !$*UTF8*$!
{
	archiveVersion = 1;
	classes = {
	};
	objectVersion = 46;
	objects = {

/* Begin PBXBuildFile section */
		57BCB1FD1EDE903C0005911D /* AppDelegate.swift in Sources */ = {isa = PBXBuildFile; fileRef = 57BCB1FC1EDE903C0005911D /* AppDelegate.swift */; };
		57BCB1FF1EDE903C0005911D /* ViewController.swift in Sources */ = {isa = PBXBuildFile; fileRef = 57BCB1FE1EDE903C0005911D /* ViewController.swift */; };
		57BCB2021EDE903C0005911D /* Main.storyboard in Resources */ = {isa = PBXBuildFile; fileRef = 57BCB2001EDE903C0005911D /* Main.storyboard */; };
		57BCB2041EDE903C0005911D /* Assets.xcassets in Resources */ = {isa = PBXBuildFile; fileRef = 57BCB2031EDE903C0005911D /* Assets.xcassets */; };
		57BCB2071EDE903C0005911D /* LaunchScreen.storyboard in Resources */ = {isa = PBXBuildFile; fileRef = 57BCB2051EDE903C0005911D /* LaunchScreen.storyboard */; };
		57BCB20F1EDEC5120005911D /* TableViewController.swift in Sources */ = {isa = PBXBuildFile; fileRef = 57BCB20E1EDEC5120005911D /* TableViewController.swift */; };
		57BCB2111EDECFFB0005911D /* TableViewModel.swift in Sources */ = {isa = PBXBuildFile; fileRef = 57BCB2101EDECFFB0005911D /* TableViewModel.swift */; };
		9B270C4387804CBF28DAF44A /* Pods_RxSwift__.framework in Frameworks */ = {isa = PBXBuildFile; fileRef = 140F350C93D305F347022E78 /* Pods_RxSwift__.framework */; };
/* End PBXBuildFile section */

/* Begin PBXFileReference section */
		140F350C93D305F347022E78 /* Pods_RxSwift__.framework */ = {isa = PBXFileReference; explicitFileType = wrapper.framework; includeInIndex = 0; path = Pods_RxSwift__.framework; sourceTree = BUILT_PRODUCTS_DIR; };
		57BCB1F91EDE903C0005911D /* RxSwift学习.app */ = {isa = PBXFileReference; explicitFileType = wrapper.application; includeInIndex = 0; path = "RxSwift学习.app"; sourceTree = BUILT_PRODUCTS_DIR; };
		57BCB1FC1EDE903C0005911D /* AppDelegate.swift */ = {isa = PBXFileReference; lastKnownFileType = sourcecode.swift; path = AppDelegate.swift; sourceTree = "<group>"; };
		57BCB1FE1EDE903C0005911D /* ViewController.swift */ = {isa = PBXFileReference; lastKnownFileType = sourcecode.swift; path = ViewController.swift; sourceTree = "<group>"; };
		57BCB2011EDE903C0005911D /* Base */ = {isa = PBXFileReference; lastKnownFileType = file.storyboard; name = Base; path = Base.lproj/Main.storyboard; sourceTree = "<group>"; };
		57BCB2031EDE903C0005911D /* Assets.xcassets */ = {isa = PBXFileReference; lastKnownFileType = folder.assetcatalog; path = Assets.xcassets; sourceTree = "<group>"; };
		57BCB2061EDE903C0005911D /* Base */ = {isa = PBXFileReference; lastKnownFileType = file.storyboard; name = Base; path = Base.lproj/LaunchScreen.storyboard; sourceTree = "<group>"; };
		57BCB2081EDE903C0005911D /* Info.plist */ = {isa = PBXFileReference; lastKnownFileType = text.plist.xml; path = Info.plist; sourceTree = "<group>"; };
		57BCB20E1EDEC5120005911D /* TableViewController.swift */ = {isa = PBXFileReference; fileEncoding = 4; lastKnownFileType = sourcecode.swift; path = TableViewController.swift; sourceTree = "<group>"; };
		57BCB2101EDECFFB0005911D /* TableViewModel.swift */ = {isa = PBXFileReference; fileEncoding = 4; lastKnownFileType = sourcecode.swift; path = TableViewModel.swift; sourceTree = "<group>"; };
		5D0021041738210CFFAA6CBE /* Pods-RxSwift学习.debug.xcconfig */ = {isa = PBXFileReference; includeInIndex = 1; lastKnownFileType = text.xcconfig; name = "Pods-RxSwift学习.debug.xcconfig"; path = "Pods/Target Support Files/Pods-RxSwift学习/Pods-RxSwift学习.debug.xcconfig"; sourceTree = "<group>"; };
		AE7BA5D65568648C4B70BC78 /* Pods-RxSwift学习.release.xcconfig */ = {isa = PBXFileReference; includeInIndex = 1; lastKnownFileType = text.xcconfig; name = "Pods-RxSwift学习.release.xcconfig"; path = "Pods/Target Support Files/Pods-RxSwift学习/Pods-RxSwift学习.release.xcconfig"; sourceTree = "<group>"; };
/* End PBXFileReference section */

/* Begin PBXFrameworksBuildPhase section */
		57BCB1F61EDE903C0005911D /* Frameworks */ = {
			isa = PBXFrameworksBuildPhase;
			buildActionMask = 2147483647;
			files = (
				9B270C4387804CBF28DAF44A /* Pods_RxSwift__.framework in Frameworks */,
			);
			runOnlyForDeploymentPostprocessing = 0;
		};
/* End PBXFrameworksBuildPhase section */

/* Begin PBXGroup section */
		191A8310301909C45E441EE7 /* Frameworks */ = {
			isa = PBXGroup;
			children = (
				140F350C93D305F347022E78 /* Pods_RxSwift__.framework */,
			);
			name = Frameworks;
			sourceTree = "<group>";
		};
		57BCB1F01EDE903B0005911D = {
			isa = PBXGroup;
			children = (
				57BCB1FB1EDE903C0005911D /* RxSwift学习 */,
				57BCB1FA1EDE903C0005911D /* Products */,
				66F2CA27FA5D90DC8513AF96 /* Pods */,
				191A8310301909C45E441EE7 /* Frameworks */,
			);
			sourceTree = "<group>";
		};
		57BCB1FA1EDE903C0005911D /* Products */ = {
			isa = PBXGroup;
			children = (
				57BCB1F91EDE903C0005911D /* RxSwift学习.app */,
			);
			name = Products;
			sourceTree = "<group>";
		};
		57BCB1FB1EDE903C0005911D /* RxSwift学习 */ = {
			isa = PBXGroup;
			children = (
				57BCB1FC1EDE903C0005911D /* AppDelegate.swift */,
				57BCB1FE1EDE903C0005911D /* ViewController.swift */,
				57BCB20E1EDEC5120005911D /* TableViewController.swift */,
				57BCB2101EDECFFB0005911D /* TableViewModel.swift */,
				57BCB2001EDE903C0005911D /* Main.storyboard */,
				57BCB2031EDE903C0005911D /* Assets.xcassets */,
				57BCB2051EDE903C0005911D /* LaunchScreen.storyboard */,
				57BCB2081EDE903C0005911D /* Info.plist */,
			);
			path = "RxSwift学习";
			sourceTree = "<group>";
		};
		66F2CA27FA5D90DC8513AF96 /* Pods */ = {
			isa = PBXGroup;
			children = (
				5D0021041738210CFFAA6CBE /* Pods-RxSwift学习.debug.xcconfig */,
				AE7BA5D65568648C4B70BC78 /* Pods-RxSwift学习.release.xcconfig */,
			);
			name = Pods;
			sourceTree = "<group>";
		};
/* End PBXGroup section */

/* Begin PBXNativeTarget section */
		57BCB1F81EDE903C0005911D /* RxSwift学习 */ = {
			isa = PBXNativeTarget;
			buildConfigurationList = 57BCB20B1EDE903C0005911D /* Build configuration list for PBXNativeTarget "RxSwift学习" */;
			buildPhases = (
				FF85B6F03B4811BB4543BC84 /* [CP] Check Pods Manifest.lock */,
				57BCB1F51EDE903C0005911D /* Sources */,
				57BCB1F61EDE903C0005911D /* Frameworks */,
				57BCB1F71EDE903C0005911D /* Resources */,
				B1A6C1EA86F5BA7834EFBBCA /* [CP] Embed Pods Frameworks */,
				DA109FEF9CD8A8777AEA0EA9 /* [CP] Copy Pods Resources */,
			);
			buildRules = (
			);
			dependencies = (
			);
			name = "RxSwift学习";
			productName = "RxSwift学习";
			productReference = 57BCB1F91EDE903C0005911D /* RxSwift学习.app */;
			productType = "com.apple.product-type.application";
		};
/* End PBXNativeTarget section */

/* Begin PBXProject section */
		57BCB1F11EDE903B0005911D /* Project object */ = {
			isa = PBXProject;
			attributes = {
				LastSwiftUpdateCheck = 0830;
				LastUpgradeCheck = 0830;
				ORGANIZATIONNAME = "张永俊";
				TargetAttributes = {
					57BCB1F81EDE903C0005911D = {
						CreatedOnToolsVersion = 8.3.2;
						DevelopmentTeam = K7Y6C8JUH6;
						ProvisioningStyle = Automatic;
					};
				};
			};
			buildConfigurationList = 57BCB1F41EDE903B0005911D /* Build configuration list for PBXProject "RxSwift学习" */;
			compatibilityVersion = "Xcode 3.2";
			developmentRegion = English;
			hasScannedForEncodings = 0;
			knownRegions = (
				en,
				Base,
			);
			mainGroup = 57BCB1F01EDE903B0005911D;
			productRefGroup = 57BCB1FA1EDE903C0005911D /* Products */;
			projectDirPath = "";
			projectRoot = "";
			targets = (
				57BCB1F81EDE903C0005911D /* RxSwift学习 */,
			);
		};
/* End PBXProject section */

/* Begin PBXResourcesBuildPhase section */
		57BCB1F71EDE903C0005911D /* Resources */ = {
			isa = PBXResourcesBuildPhase;
			buildActionMask = 2147483647;
			files = (
				57BCB2071EDE903C0005911D /* LaunchScreen.storyboard in Resources */,
				57BCB2041EDE903C0005911D /* Assets.xcassets in Resources */,
				57BCB2021EDE903C0005911D /* Main.storyboard in Resources */,
			);
			runOnlyForDeploymentPostprocessing = 0;
		};
/* End PBXResourcesBuildPhase section */

/* Begin PBXShellScriptBuildPhase section */
		B1A6C1EA86F5BA7834EFBBCA /* [CP] Embed Pods Frameworks */ = {
			isa = PBXShellScriptBuildPhase;
			buildActionMask = 2147483647;
			files = (
			);
			inputPaths = (
			);
			name = "[CP] Embed Pods Frameworks";
			outputPaths = (
			);
			runOnlyForDeploymentPostprocessing = 0;
			shellPath = /bin/sh;
			shellScript = "\"${SRCROOT}/Pods/Target Support Files/Pods-RxSwift学习/Pods-RxSwift学习-frameworks.sh\"\n";
			showEnvVarsInLog = 0;
		};
		DA109FEF9CD8A8777AEA0EA9 /* [CP] Copy Pods Resources */ = {
			isa = PBXShellScriptBuildPhase;
			buildActionMask = 2147483647;
			files = (
			);
			inputPaths = (
			);
			name = "[CP] Copy Pods Resources";
			outputPaths = (
			);
			runOnlyForDeploymentPostprocessing = 0;
			shellPath = /bin/sh;
			shellScript = "\"${SRCROOT}/Pods/Target Support Files/Pods-RxSwift学习/Pods-RxSwift学习-resources.sh\"\n";
			showEnvVarsInLog = 0;
		};
		FF85B6F03B4811BB4543BC84 /* [CP] Check Pods Manifest.lock */ = {
			isa = PBXShellScriptBuildPhase;
			buildActionMask = 2147483647;
			files = (
			);
			inputPaths = (
			);
			name = "[CP] Check Pods Manifest.lock";
			outputPaths = (
			);
			runOnlyForDeploymentPostprocessing = 0;
			shellPath = /bin/sh;
			shellScript = "diff \"${PODS_PODFILE_DIR_PATH}/Podfile.lock\" \"${PODS_ROOT}/Manifest.lock\" > /dev/null\nif [ $? != 0 ] ; then\n    # print error to STDERR\n    echo \"error: The sandbox is not in sync with the Podfile.lock. Run 'pod install' or update your CocoaPods installation.\" >&2\n    exit 1\nfi\n";
			showEnvVarsInLog = 0;
		};
/* End PBXShellScriptBuildPhase section */

/* Begin PBXSourcesBuildPhase section */
		57BCB1F51EDE903C0005911D /* Sources */ = {
			isa = PBXSourcesBuildPhase;
			buildActionMask = 2147483647;
			files = (
				57BCB1FF1EDE903C0005911D /* ViewController.swift in Sources */,
				57BCB20F1EDEC5120005911D /* TableViewController.swift in Sources */,
				57BCB1FD1EDE903C0005911D /* AppDelegate.swift in Sources */,
				57BCB2111EDECFFB0005911D /* TableViewModel.swift in Sources */,
			);
			runOnlyForDeploymentPostprocessing = 0;
		};
/* End PBXSourcesBuildPhase section */

/* Begin PBXVariantGroup section */
		57BCB2001EDE903C0005911D /* Main.storyboard */ = {
			isa = PBXVariantGroup;
			children = (
				57BCB2011EDE903C0005911D /* Base */,
			);
			name = Main.storyboard;
			sourceTree = "<group>";
		};
		57BCB2051EDE903C0005911D /* LaunchScreen.storyboard */ = {
			isa = PBXVariantGroup;
			children = (
				57BCB2061EDE903C0005911D /* Base */,
			);
			name = LaunchScreen.storyboard;
			sourceTree = "<group>";
		};
/* End PBXVariantGroup section */

/* Begin XCBuildConfiguration section */
		57BCB2091EDE903C0005911D /* Debug */ = {
			isa = XCBuildConfiguration;
			buildSettings = {
				ALWAYS_SEARCH_USER_PATHS = NO;
				CLANG_ANALYZER_NONNULL = YES;
				CLANG_ANALYZER_NUMBER_OBJECT_CONVERSION = YES_AGGRESSIVE;
				CLANG_CXX_LANGUAGE_STANDARD = "gnu++0x";
				CLANG_CXX_LIBRARY = "libc++";
				CLANG_ENABLE_MODULES = YES;
				CLANG_ENABLE_OBJC_ARC = YES;
				CLANG_WARN_BOOL_CONVERSION = YES;
				CLANG_WARN_CONSTANT_CONVERSION = YES;
				CLANG_WARN_DIRECT_OBJC_ISA_USAGE = YES_ERROR;
				CLANG_WARN_DOCUMENTATION_COMMENTS = YES;
				CLANG_WARN_EMPTY_BODY = YES;
				CLANG_WARN_ENUM_CONVERSION = YES;
				CLANG_WARN_INFINITE_RECURSION = YES;
				CLANG_WARN_INT_CONVERSION = YES;
				CLANG_WARN_OBJC_ROOT_CLASS = YES_ERROR;
				CLANG_WARN_SUSPICIOUS_MOVE = YES;
				CLANG_WARN_UNREACHABLE_CODE = YES;
				CLANG_WARN__DUPLICATE_METHOD_MATCH = YES;
				"CODE_SIGN_IDENTITY[sdk=iphoneos*]" = "iPhone Developer";
				COPY_PHASE_STRIP = NO;
				DEBUG_INFORMATION_FORMAT = dwarf;
				ENABLE_STRICT_OBJC_MSGSEND = YES;
				ENABLE_TESTABILITY = YES;
				GCC_C_LANGUAGE_STANDARD = gnu99;
				GCC_DYNAMIC_NO_PIC = NO;
				GCC_NO_COMMON_BLOCKS = YES;
				GCC_OPTIMIZATION_LEVEL = 0;
				GCC_PREPROCESSOR_DEFINITIONS = (
					"DEBUG=1",
					"$(inherited)",
				);
				GCC_WARN_64_TO_32_BIT_CONVERSION = YES;
				GCC_WARN_ABOUT_RETURN_TYPE = YES_ERROR;
				GCC_WARN_UNDECLARED_SELECTOR = YES;
				GCC_WARN_UNINITIALIZED_AUTOS = YES_AGGRESSIVE;
				GCC_WARN_UNUSED_FUNCTION = YES;
				GCC_WARN_UNUSED_VARIABLE = YES;
				IPHONEOS_DEPLOYMENT_TARGET = 10.3;
				MTL_ENABLE_DEBUG_INFO = YES;
				ONLY_ACTIVE_ARCH = YES;
				SDKROOT = iphoneos;
				SWIFT_ACTIVE_COMPILATION_CONDITIONS = DEBUG;
				SWIFT_OPTIMIZATION_LEVEL = "-Onone";
				TARGETED_DEVICE_FAMILY = "1,2";
			};
			name = Debug;
		};
		57BCB20A1EDE903C0005911D /* Release */ = {
			isa = XCBuildConfiguration;
			buildSettings = {
				ALWAYS_SEARCH_USER_PATHS = NO;
				CLANG_ANALYZER_NONNULL = YES;
				CLANG_ANALYZER_NUMBER_OBJECT_CONVERSION = YES_AGGRESSIVE;
				CLANG_CXX_LANGUAGE_STANDARD = "gnu++0x";
				CLANG_CXX_LIBRARY = "libc++";
				CLANG_ENABLE_MODULES = YES;
				CLANG_ENABLE_OBJC_ARC = YES;
				CLANG_WARN_BOOL_CONVERSION = YES;
				CLANG_WARN_CONSTANT_CONVERSION = YES;
				CLANG_WARN_DIRECT_OBJC_ISA_USAGE = YES_ERROR;
				CLANG_WARN_DOCUMENTATION_COMMENTS = YES;
				CLANG_WARN_EMPTY_BODY = YES;
				CLANG_WARN_ENUM_CONVERSION = YES;
				CLANG_WARN_INFINITE_RECURSION = YES;
				CLANG_WARN_INT_CONVERSION = YES;
				CLANG_WARN_OBJC_ROOT_CLASS = YES_ERROR;
				CLANG_WARN_SUSPICIOUS_MOVE = YES;
				CLANG_WARN_UNREACHABLE_CODE = YES;
				CLANG_WARN__DUPLICATE_METHOD_MATCH = YES;
				"CODE_SIGN_IDENTITY[sdk=iphoneos*]" = "iPhone Developer";
				COPY_PHASE_STRIP = NO;
				DEBUG_INFORMATION_FORMAT = "dwarf-with-dsym";
				ENABLE_NS_ASSERTIONS = NO;
				ENABLE_STRICT_OBJC_MSGSEND = YES;
				GCC_C_LANGUAGE_STANDARD = gnu99;
				GCC_NO_COMMON_BLOCKS = YES;
				GCC_WARN_64_TO_32_BIT_CONVERSION = YES;
				GCC_WARN_ABOUT_RETURN_TYPE = YES_ERROR;
				GCC_WARN_UNDECLARED_SELECTOR = YES;
				GCC_WARN_UNINITIALIZED_AUTOS = YES_AGGRESSIVE;
				GCC_WARN_UNUSED_FUNCTION = YES;
				GCC_WARN_UNUSED_VARIABLE = YES;
				IPHONEOS_DEPLOYMENT_TARGET = 10.3;
				MTL_ENABLE_DEBUG_INFO = NO;
				SDKROOT = iphoneos;
				SWIFT_OPTIMIZATION_LEVEL = "-Owholemodule";
				TARGETED_DEVICE_FAMILY = "1,2";
				VALIDATE_PRODUCT = YES;
			};
			name = Release;
		};
		57BCB20C1EDE903C0005911D /* Debug */ = {
			isa = XCBuildConfiguration;
			baseConfigurationReference = 5D0021041738210CFFAA6CBE /* Pods-RxSwift学习.debug.xcconfig */;
			buildSettings = {
				ASSETCATALOG_COMPILER_APPICON_NAME = AppIcon;
				DEVELOPMENT_TEAM = K7Y6C8JUH6;
				INFOPLIST_FILE = "RxSwift学习/Info.plist";
				LD_RUNPATH_SEARCH_PATHS = "$(inherited) @executable_path/Frameworks";
				PRODUCT_BUNDLE_IDENTIFIER = "com.pj.RxSwift--";
				PRODUCT_NAME = "$(TARGET_NAME)";
				SWIFT_VERSION = 3.0;
			};
			name = Debug;
		};
		57BCB20D1EDE903C0005911D /* Release */ = {
			isa = XCBuildConfiguration;
			baseConfigurationReference = AE7BA5D65568648C4B70BC78 /* Pods-RxSwift学习.release.xcconfig */;
			buildSettings = {
				ASSETCATALOG_COMPILER_APPICON_NAME = AppIcon;
				DEVELOPMENT_TEAM = K7Y6C8JUH6;
				INFOPLIST_FILE = "RxSwift学习/Info.plist";
				LD_RUNPATH_SEARCH_PATHS = "$(inherited) @executable_path/Frameworks";
				PRODUCT_BUNDLE_IDENTIFIER = "com.pj.RxSwift--";
				PRODUCT_NAME = "$(TARGET_NAME)";
				SWIFT_VERSION = 3.0;
			};
			name = Release;
		};
/* End XCBuildConfiguration section */

/* Begin XCConfigurationList section */
		57BCB1F41EDE903B0005911D /* Build configuration list for PBXProject "RxSwift学习" */ = {
			isa = XCConfigurationList;
			buildConfigurations = (
				57BCB2091EDE903C0005911D /* Debug */,
				57BCB20A1EDE903C0005911D /* Release */,
			);
			defaultConfigurationIsVisible = 0;
			defaultConfigurationName = Release;
		};
		57BCB20B1EDE903C0005911D /* Build configuration list for PBXNativeTarget "RxSwift学习" */ = {
			isa = XCConfigurationList;
			buildConfigurations = (
				57BCB20C1EDE903C0005911D /* Debug */,
				57BCB20D1EDE903C0005911D /* Release */,
			);
			defaultConfigurationIsVisible = 0;
			defaultConfigurationName = Release;
		};
/* End XCConfigurationList section */
	};
	rootObject = 57BCB1F11EDE903B0005911D /* Project object */;
}
